// !$*UTF8*$!
{
	archiveVersion = 1;
	classes = {
	};
	objectVersion = 48;
	objects = {

/* Begin PBXBuildFile section */
		CC0272411FB0D3D500E62B14 /* AppDelegate.swift in Sources */ = {isa = PBXBuildFile; fileRef = CC0272401FB0D3D500E62B14 /* AppDelegate.swift */; };
		CC0272461FB0D3D500E62B14 /* Main.storyboard in Resources */ = {isa = PBXBuildFile; fileRef = CC0272441FB0D3D500E62B14 /* Main.storyboard */; };
		CC0272481FB0D3D500E62B14 /* Assets.xcassets in Resources */ = {isa = PBXBuildFile; fileRef = CC0272471FB0D3D500E62B14 /* Assets.xcassets */; };
		CC02724B1FB0D3D500E62B14 /* LaunchScreen.storyboard in Resources */ = {isa = PBXBuildFile; fileRef = CC0272491FB0D3D500E62B14 /* LaunchScreen.storyboard */; };
		CC3C8DF61FBD0F6C00003882 /* ConversionViewController.swift in Sources */ = {isa = PBXBuildFile; fileRef = CC3C8DF51FBD0F6C00003882 /* ConversionViewController.swift */; };
/* End PBXBuildFile section */

/* Begin PBXFileReference section */
		CC02723D1FB0D3D500E62B14 /* WorldTrotter.app */ = {isa = PBXFileReference; explicitFileType = wrapper.application; includeInIndex = 0; path = WorldTrotter.app; sourceTree = BUILT_PRODUCTS_DIR; };
		CC0272401FB0D3D500E62B14 /* AppDelegate.swift */ = {isa = PBXFileReference; lastKnownFileType = sourcecode.swift; path = AppDelegate.swift; sourceTree = "<group>"; };
		CC0272451FB0D3D500E62B14 /* Base */ = {isa = PBXFileReference; lastKnownFileType = file.storyboard; name = Base; path = Base.lproj/Main.storyboard; sourceTree = "<group>"; };
		CC0272471FB0D3D500E62B14 /* Assets.xcassets */ = {isa = PBXFileReference; lastKnownFileType = folder.assetcatalog; path = Assets.xcassets; sourceTree = "<group>"; };
		CC02724A1FB0D3D500E62B14 /* Base */ = {isa = PBXFileReference; lastKnownFileType = file.storyboard; name = Base; path = Base.lproj/LaunchScreen.storyboard; sourceTree = "<group>"; };
		CC02724C1FB0D3D500E62B14 /* Info.plist */ = {isa = PBXFileReference; lastKnownFileType = text.plist.xml; path = Info.plist; sourceTree = "<group>"; };
		CC3C8DF51FBD0F6C00003882 /* ConversionViewController.swift */ = {isa = PBXFileReference; lastKnownFileType = sourcecode.swift; path = ConversionViewController.swift; sourceTree = "<group>"; };
/* End PBXFileReference section */

/* Begin PBXFrameworksBuildPhase section */
		CC02723A1FB0D3D500E62B14 /* Frameworks */ = {
			isa = PBXFrameworksBuildPhase;
			buildActionMask = 2147483647;
			files = (
			);
			runOnlyForDeploymentPostprocessing = 0;
		};
/* End PBXFrameworksBuildPhase section */

/* Begin PBXGroup section */
		CC0272341FB0D3D500E62B14 = {
			isa = PBXGroup;
			children = (
				CC02723F1FB0D3D500E62B14 /* WorldTrotter */,
				CC02723E1FB0D3D500E62B14 /* Products */,
			);
			sourceTree = "<group>";
		};
		CC02723E1FB0D3D500E62B14 /* Products */ = {
			isa = PBXGroup;
			children = (
				CC02723D1FB0D3D500E62B14 /* WorldTrotter.app */,
			);
			name = Products;
			sourceTree = "<group>";
		};
		CC02723F1FB0D3D500E62B14 /* WorldTrotter */ = {
			isa = PBXGroup;
			children = (
				CC3C8DF51FBD0F6C00003882 /* ConversionViewController.swift */,
				CC0272401FB0D3D500E62B14 /* AppDelegate.swift */,
				CC0272441FB0D3D500E62B14 /* Main.storyboard */,
				CC0272471FB0D3D500E62B14 /* Assets.xcassets */,
				CC0272491FB0D3D500E62B14 /* LaunchScreen.storyboard */,
				CC02724C1FB0D3D500E62B14 /* Info.plist */,
			);
			path = WorldTrotter;
			sourceTree = "<group>";
		};
/* End PBXGroup section */

/* Begin PBXNativeTarget section */
		CC02723C1FB0D3D500E62B14 /* WorldTrotter */ = {
			isa = PBXNativeTarget;
			buildConfigurationList = CC02724F1FB0D3D500E62B14 /* Build configuration list for PBXNativeTarget "WorldTrotter" */;
			buildPhases = (
				CC0272391FB0D3D500E62B14 /* Sources */,
				CC02723A1FB0D3D500E62B14 /* Frameworks */,
				CC02723B1FB0D3D500E62B14 /* Resources */,
			);
			buildRules = (
			);
			dependencies = (
			);
			name = WorldTrotter;
			productName = WorldTrotter;
			productReference = CC02723D1FB0D3D500E62B14 /* WorldTrotter.app */;
			productType = "com.apple.product-type.application";
		};
/* End PBXNativeTarget section */

/* Begin PBXProject section */
		CC0272351FB0D3D500E62B14 /* Project object */ = {
			isa = PBXProject;
			attributes = {
				LastSwiftUpdateCheck = 0900;
				LastUpgradeCheck = 0900;
				ORGANIZATIONNAME = tfrth;
				TargetAttributes = {
					CC02723C1FB0D3D500E62B14 = {
						CreatedOnToolsVersion = 9.0;
						ProvisioningStyle = Automatic;
					};
				};
			};
			buildConfigurationList = CC0272381FB0D3D500E62B14 /* Build configuration list for PBXProject "WorldTrotter" */;
			compatibilityVersion = "Xcode 8.0";
			developmentRegion = en;
			hasScannedForEncodings = 0;
			knownRegions = (
				en,
				Base,
			);
			mainGroup = CC0272341FB0D3D500E62B14;
			productRefGroup = CC02723E1FB0D3D500E62B14 /* Products */;
			projectDirPath = "";
			projectRoot = "";
			targets = (
				CC02723C1FB0D3D500E62B14 /* WorldTrotter */,
			);
		};
/* End PBXProject section */

/* Begin PBXResourcesBuildPhase section */
		CC02723B1FB0D3D500E62B14 /* Resources */ = {
			isa = PBXResourcesBuildPhase;
			buildActionMask = 2147483647;
			files = (
				CC02724B1FB0D3D500E62B14 /* LaunchScreen.storyboard in Resources */,
				CC0272481FB0D3D500E62B14 /* Assets.xcassets in Resources */,
				CC0272461FB0D3D500E62B14 /* Main.storyboard in Resources */,
			);
			runOnlyForDeploymentPostprocessing = 0;
		};
/* End PBXResourcesBuildPhase section */

/* Begin PBXSourcesBuildPhase section */
		CC0272391FB0D3D500E62B14 /* Sources */ = {
			isa = PBXSourcesBuildPhase;
			buildActionMask = 2147483647;
			files = (
				CC3C8DF61FBD0F6C00003882 /* ConversionViewController.swift in Sources */,
				CC0272411FB0D3D500E62B14 /* AppDelegate.swift in Sources */,
			);
			runOnlyForDeploymentPostprocessing = 0;
		};
/* End PBXSourcesBuildPhase section */

/* Begin PBXVariantGroup section */
		CC0272441FB0D3D500E62B14 /* Main.storyboard */ = {
			isa = PBXVariantGroup;
			children = (
				CC0272451FB0D3D500E62B14 /* Base */,
			);
			name = Main.storyboard;
			sourceTree = "<group>";
		};
		CC0272491FB0D3D500E62B14 /* LaunchScreen.storyboard */ = {
			isa = PBXVariantGroup;
			children = (
				CC02724A1FB0D3D500E62B14 /* Base */,
			);
			name = LaunchScreen.storyboard;
			sourceTree = "<group>";
		};
/* End PBXVariantGroup section */

/* Begin XCBuildConfiguration section */
		CC02724D1FB0D3D500E62B14 /* Debug */ = {
			isa = XCBuildConfiguration;
			buildSettings = {
				ALWAYS_SEARCH_USER_PATHS = NO;
				CLANG_ANALYZER_NONNULL = YES;
				CLANG_ANALYZER_NUMBER_OBJECT_CONVERSION = YES_AGGRESSIVE;
				CLANG_CXX_LANGUAGE_STANDARD = "gnu++14";
				CLANG_CXX_LIBRARY = "libc++";
				CLANG_ENABLE_MODULES = YES;
				CLANG_ENABLE_OBJC_ARC = YES;
				CLANG_WARN_BLOCK_CAPTURE_AUTORELEASING = YES;
				CLANG_WARN_BOOL_CONVERSION = YES;
				CLANG_WARN_COMMA = YES;
				CLANG_WARN_CONSTANT_CONVERSION = YES;
				CLANG_WARN_DIRECT_OBJC_ISA_USAGE = YES_ERROR;
				CLANG_WARN_DOCUMENTATION_COMMENTS = YES;
				CLANG_WARN_EMPTY_BODY = YES;
				CLANG_WARN_ENUM_CONVERSION = YES;
				CLANG_WARN_INFINITE_RECURSION = YES;
				CLANG_WARN_INT_CONVERSION = YES;
				CLANG_WARN_NON_LITERAL_NULL_CONVERSION = YES;
				CLANG_WARN_OBJC_LITERAL_CONVERSION = YES;
				CLANG_WARN_OBJC_ROOT_CLASS = YES_ERROR;
				CLANG_WARN_RANGE_LOOP_ANALYSIS = YES;
				CLANG_WARN_STRICT_PROTOTYPES = YES;
				CLANG_WARN_SUSPICIOUS_MOVE = YES;
				CLANG_WARN_UNGUARDED_AVAILABILITY = YES_AGGRESSIVE;
				CLANG_WARN_UNREACHABLE_CODE = YES;
				CLANG_WARN__DUPLICATE_METHOD_MATCH = YES;
				CODE_SIGN_IDENTITY = "iPhone Developer";
				COPY_PHASE_STRIP = NO;
				DEBUG_INFORMATION_FORMAT = dwarf;
				ENABLE_STRICT_OBJC_MSGSEND = YES;
				ENABLE_TESTABILITY = YES;
				GCC_C_LANGUAGE_STANDARD = gnu11;
				GCC_DYNAMIC_NO_PIC = NO;
				GCC_NO_COMMON_BLOCKS = YES;
				GCC_OPTIMIZATION_LEVEL = 0;
				GCC_PREPROCESSOR_DEFINITIONS = (
					"DEBUG=1",
					"$(inherited)",
				);
				GCC_WARN_64_TO_32_BIT_CONVERSION = YES;
				GCC_WARN_ABOUT_RETURN_TYPE = YES_ERROR;
				GCC_WARN_UNDECLARED_SELECTOR = YES;
				GCC_WARN_UNINITIALIZED_AUTOS = YES_AGGRESSIVE;
				GCC_WARN_UNUSED_FUNCTION = YES;
				GCC_WARN_UNUSED_VARIABLE = YES;
				IPHONEOS_DEPLOYMENT_TARGET = 11.0;
				MTL_ENABLE_DEBUG_INFO = YES;
				ONLY_ACTIVE_ARCH = YES;
				SDKROOT = iphoneos;
				SWIFT_ACTIVE_COMPILATION_CONDITIONS = DEBUG;
				SWIFT_OPTIMIZATION_LEVEL = "-Onone";
			};
			name = Debug;
		};
		CC02724E1FB0D3D500E62B14 /* Release */ = {
			isa = XCBuildConfiguration;
			buildSettings = {
				ALWAYS_SEARCH_USER_PATHS = NO;
				CLANG_ANALYZER_NONNULL = YES;
				CLANG_ANALYZER_NUMBER_OBJECT_CONVERSION = YES_AGGRESSIVE;
				CLANG_CXX_LANGUAGE_STANDARD = "gnu++14";
				CLANG_CXX_LIBRARY = "libc++";
				CLANG_ENABLE_MODULES = YES;
				CLANG_ENABLE_OBJC_ARC = YES;
				CLANG_WARN_BLOCK_CAPTURE_AUTORELEASING = YES;
				CLANG_WARN_BOOL_CONVERSION = YES;
				CLANG_WARN_COMMA = YES;
				CLANG_WARN_CONSTANT_CONVERSION = YES;
				CLANG_WARN_DIRECT_OBJC_ISA_USAGE = YES_ERROR;
				CLANG_WARN_DOCUMENTATION_COMMENTS = YES;
				CLANG_WARN_EMPTY_BODY = YES;
				CLANG_WARN_ENUM_CONVERSION = YES;
				CLANG_WARN_INFINITE_RECURSION = YES;
				CLANG_WARN_INT_CONVERSION = YES;
				CLANG_WARN_NON_LITERAL_NULL_CONVERSION = YES;
				CLANG_WARN_OBJC_LITERAL_CONVERSION = YES;
				CLANG_WARN_OBJC_ROOT_CLASS = YES_ERROR;
				CLANG_WARN_RANGE_LOOP_ANALYSIS = YES;
				CLANG_WARN_STRICT_PROTOTYPES = YES;
				CLANG_WARN_SUSPICIOUS_MOVE = YES;
				CLANG_WARN_UNGUARDED_AVAILABILITY = YES_AGGRESSIVE;
				CLANG_WARN_UNREACHABLE_CODE = YES;
				CLANG_WARN__DUPLICATE_METHOD_MATCH = YES;
				CODE_SIGN_IDENTITY = "iPhone Developer";
				COPY_PHASE_STRIP = NO;
				DEBUG_INFORMATION_FORMAT = "dwarf-with-dsym";
				ENABLE_NS_ASSERTIONS = NO;
				ENABLE_STRICT_OBJC_MSGSEND = YES;
				GCC_C_LANGUAGE_STANDARD = gnu11;
				GCC_NO_COMMON_BLOCKS = YES;
				GCC_WARN_64_TO_32_BIT_CONVERSION = YES;
				GCC_WARN_ABOUT_RETURN_TYPE = YES_ERROR;
				GCC_WARN_UNDECLARED_SELECTOR = YES;
				GCC_WARN_UNINITIALIZED_AUTOS = YES_AGGRESSIVE;
				GCC_WARN_UNUSED_FUNCTION = YES;
				GCC_WARN_UNUSED_VARIABLE = YES;
				IPHONEOS_DEPLOYMENT_TARGET = 11.0;
				MTL_ENABLE_DEBUG_INFO = NO;
				SDKROOT = iphoneos;
				SWIFT_OPTIMIZATION_LEVEL = "-Owholemodule";
				VALIDATE_PRODUCT = YES;
			};
			name = Release;
		};
		CC0272501FB0D3D500E62B14 /* Debug */ = {
			isa = XCBuildConfiguration;
			buildSettings = {
				ASSETCATALOG_COMPILER_APPICON_NAME = AppIcon;
				CODE_SIGN_STYLE = Automatic;
				DEVELOPMENT_TEAM = 6DM3LM6ZH6;
				INFOPLIST_FILE = WorldTrotter/Info.plist;
				LD_RUNPATH_SEARCH_PATHS = "$(inherited) @executable_path/Frameworks";
				PRODUCT_BUNDLE_IDENTIFIER = com.tfrth.WorldTrotter;
				PRODUCT_NAME = "$(TARGET_NAME)";
				SWIFT_VERSION = 4.0;
				TARGETED_DEVICE_FAMILY = "1,2";
			};
			name = Debug;
		};
		CC0272511FB0D3D500E62B14 /* Release */ = {
			isa = XCBuildConfiguration;
			buildSettings = {
				ASSETCATALOG_COMPILER_APPICON_NAME = AppIcon;
				CODE_SIGN_STYLE = Automatic;
				DEVELOPMENT_TEAM = 6DM3LM6ZH6;
				INFOPLIST_FILE = WorldTrotter/Info.plist;
				LD_RUNPATH_SEARCH_PATHS = "$(inherited) @executable_path/Frameworks";
				PRODUCT_BUNDLE_IDENTIFIER = com.tfrth.WorldTrotter;
				PRODUCT_NAME = "$(TARGET_NAME)";
				SWIFT_VERSION = 4.0;
				TARGETED_DEVICE_FAMILY = "1,2";
			};
			name = Release;
		};
/* End XCBuildConfiguration section */

/* Begin XCConfigurationList section */
		CC0272381FB0D3D500E62B14 /* Build configuration list for PBXProject "WorldTrotter" */ = {
			isa = XCConfigurationList;
			buildConfigurations = (
				CC02724D1FB0D3D500E62B14 /* Debug */,
				CC02724E1FB0D3D500E62B14 /* Release */,
			);
			defaultConfigurationIsVisible = 0;
			defaultConfigurationName = Release;
		};
		CC02724F1FB0D3D500E62B14 /* Build configuration list for PBXNativeTarget "WorldTrotter" */ = {
			isa = XCConfigurationList;
			buildConfigurations = (
				CC0272501FB0D3D500E62B14 /* Debug */,
				CC0272511FB0D3D500E62B14 /* Release */,
			);
			defaultConfigurationIsVisible = 0;
			defaultConfigurationName = Release;
		};
/* End XCConfigurationList section */
	};
	rootObject = CC0272351FB0D3D500E62B14 /* Project object */;
}
